// !$*UTF8*$!
{
	archiveVersion = 1;
	classes = {
	};
	objectVersion = 55;
	objects = {

/* Begin PBXBuildFile section */
		067D5287270F2A080076F6B0 /* AppDelegate.swift in Sources */ = {isa = PBXBuildFile; fileRef = 067D5286270F2A080076F6B0 /* AppDelegate.swift */; };
		067D5289270F2A080076F6B0 /* SceneDelegate.swift in Sources */ = {isa = PBXBuildFile; fileRef = 067D5288270F2A080076F6B0 /* SceneDelegate.swift */; };
		067D528B270F2A080076F6B0 /* ViewController.swift in Sources */ = {isa = PBXBuildFile; fileRef = 067D528A270F2A080076F6B0 /* ViewController.swift */; };
		067D528E270F2A080076F6B0 /* Main.storyboard in Resources */ = {isa = PBXBuildFile; fileRef = 067D528C270F2A080076F6B0 /* Main.storyboard */; };
		067D5290270F2A090076F6B0 /* Assets.xcassets in Resources */ = {isa = PBXBuildFile; fileRef = 067D528F270F2A090076F6B0 /* Assets.xcassets */; };
		067D5293270F2A090076F6B0 /* LaunchScreen.storyboard in Resources */ = {isa = PBXBuildFile; fileRef = 067D5291270F2A090076F6B0 /* LaunchScreen.storyboard */; };
		067D529D270F36FA0076F6B0 /* CanvasView.swift in Sources */ = {isa = PBXBuildFile; fileRef = 067D529C270F36FA0076F6B0 /* CanvasView.swift */; };
		067D529F270F3E480076F6B0 /* MNISTClassifier.mlmodel in Sources */ = {isa = PBXBuildFile; fileRef = 067D529E270F3E480076F6B0 /* MNISTClassifier.mlmodel */; };
/* End PBXBuildFile section */

/* Begin PBXFileReference section */
		067D5283270F2A080076F6B0 /* CizBakalim.app */ = {isa = PBXFileReference; explicitFileType = wrapper.application; includeInIndex = 0; path = CizBakalim.app; sourceTree = BUILT_PRODUCTS_DIR; };
		067D5286270F2A080076F6B0 /* AppDelegate.swift */ = {isa = PBXFileReference; lastKnownFileType = sourcecode.swift; path = AppDelegate.swift; sourceTree = "<group>"; };
		067D5288270F2A080076F6B0 /* SceneDelegate.swift */ = {isa = PBXFileReference; lastKnownFileType = sourcecode.swift; path = SceneDelegate.swift; sourceTree = "<group>"; };
		067D528A270F2A080076F6B0 /* ViewController.swift */ = {isa = PBXFileReference; lastKnownFileType = sourcecode.swift; path = ViewController.swift; sourceTree = "<group>"; };
		067D528D270F2A080076F6B0 /* Base */ = {isa = PBXFileReference; lastKnownFileType = file.storyboard; name = Base; path = Base.lproj/Main.storyboard; sourceTree = "<group>"; };
		067D528F270F2A090076F6B0 /* Assets.xcassets */ = {isa = PBXFileReference; lastKnownFileType = folder.assetcatalog; path = Assets.xcassets; sourceTree = "<group>"; };
		067D5292270F2A090076F6B0 /* Base */ = {isa = PBXFileReference; lastKnownFileType = file.storyboard; name = Base; path = Base.lproj/LaunchScreen.storyboard; sourceTree = "<group>"; };
		067D5294270F2A090076F6B0 /* Info.plist */ = {isa = PBXFileReference; lastKnownFileType = text.plist.xml; path = Info.plist; sourceTree = "<group>"; };
		067D529C270F36FA0076F6B0 /* CanvasView.swift */ = {isa = PBXFileReference; fileEncoding = 4; lastKnownFileType = sourcecode.swift; path = CanvasView.swift; sourceTree = "<group>"; };
		067D529E270F3E480076F6B0 /* MNISTClassifier.mlmodel */ = {isa = PBXFileReference; lastKnownFileType = file.mlmodel; path = MNISTClassifier.mlmodel; sourceTree = "<group>"; };
/* End PBXFileReference section */

/* Begin PBXFrameworksBuildPhase section */
		067D5280270F2A080076F6B0 /* Frameworks */ = {
			isa = PBXFrameworksBuildPhase;
			buildActionMask = 2147483647;
			files = (
			);
			runOnlyForDeploymentPostprocessing = 0;
		};
/* End PBXFrameworksBuildPhase section */

/* Begin PBXGroup section */
		067D527A270F2A080076F6B0 = {
			isa = PBXGroup;
			children = (
				067D5285270F2A080076F6B0 /* CizBakalim */,
				067D5284270F2A080076F6B0 /* Products */,
			);
			sourceTree = "<group>";
		};
		067D5284270F2A080076F6B0 /* Products */ = {
			isa = PBXGroup;
			children = (
				067D5283270F2A080076F6B0 /* CizBakalim.app */,
			);
			name = Products;
			sourceTree = "<group>";
		};
		067D5285270F2A080076F6B0 /* CizBakalim */ = {
			isa = PBXGroup;
			children = (
				067D529E270F3E480076F6B0 /* MNISTClassifier.mlmodel */,
				067D5286270F2A080076F6B0 /* AppDelegate.swift */,
				067D5288270F2A080076F6B0 /* SceneDelegate.swift */,
				067D528A270F2A080076F6B0 /* ViewController.swift */,
				067D529C270F36FA0076F6B0 /* CanvasView.swift */,
				067D528C270F2A080076F6B0 /* Main.storyboard */,
				067D528F270F2A090076F6B0 /* Assets.xcassets */,
				067D5291270F2A090076F6B0 /* LaunchScreen.storyboard */,
				067D5294270F2A090076F6B0 /* Info.plist */,
			);
			path = CizBakalim;
			sourceTree = "<group>";
		};
/* End PBXGroup section */

/* Begin PBXNativeTarget section */
		067D5282270F2A080076F6B0 /* CizBakalim */ = {
			isa = PBXNativeTarget;
			buildConfigurationList = 067D5297270F2A090076F6B0 /* Build configuration list for PBXNativeTarget "CizBakalim" */;
			buildPhases = (
				067D527F270F2A080076F6B0 /* Sources */,
				067D5280270F2A080076F6B0 /* Frameworks */,
				067D5281270F2A080076F6B0 /* Resources */,
			);
			buildRules = (
			);
			dependencies = (
			);
			name = CizBakalim;
			productName = CizBakalim;
			productReference = 067D5283270F2A080076F6B0 /* CizBakalim.app */;
			productType = "com.apple.product-type.application";
		};
/* End PBXNativeTarget section */

/* Begin PBXProject section */
		067D527B270F2A080076F6B0 /* Project object */ = {
			isa = PBXProject;
			attributes = {
				BuildIndependentTargetsInParallel = 1;
				LastSwiftUpdateCheck = 1300;
				LastUpgradeCheck = 1300;
				TargetAttributes = {
					067D5282270F2A080076F6B0 = {
						CreatedOnToolsVersion = 13.0;
					};
				};
			};
			buildConfigurationList = 067D527E270F2A080076F6B0 /* Build configuration list for PBXProject "CizBakalim" */;
			compatibilityVersion = "Xcode 13.0";
			developmentRegion = en;
			hasScannedForEncodings = 0;
			knownRegions = (
				en,
				Base,
			);
			mainGroup = 067D527A270F2A080076F6B0;
			productRefGroup = 067D5284270F2A080076F6B0 /* Products */;
			projectDirPath = "";
			projectRoot = "";
			targets = (
				067D5282270F2A080076F6B0 /* CizBakalim */,
			);
		};
/* End PBXProject section */

/* Begin PBXResourcesBuildPhase section */
		067D5281270F2A080076F6B0 /* Resources */ = {
			isa = PBXResourcesBuildPhase;
			buildActionMask = 2147483647;
			files = (
				067D5293270F2A090076F6B0 /* LaunchScreen.storyboard in Resources */,
				067D5290270F2A090076F6B0 /* Assets.xcassets in Resources */,
				067D528E270F2A080076F6B0 /* Main.storyboard in Resources */,
			);
			runOnlyForDeploymentPostprocessing = 0;
		};
/* End PBXResourcesBuildPhase section */

/* Begin PBXSourcesBuildPhase section */
		067D527F270F2A080076F6B0 /* Sources */ = {
			isa = PBXSourcesBuildPhase;
			buildActionMask = 2147483647;
			files = (
				067D528B270F2A080076F6B0 /* ViewController.swift in Sources */,
				067D529D270F36FA0076F6B0 /* CanvasView.swift in Sources */,
				067D5287270F2A080076F6B0 /* AppDelegate.swift in Sources */,
				067D5289270F2A080076F6B0 /* SceneDelegate.swift in Sources */,
				067D529F270F3E480076F6B0 /* MNISTClassifier.mlmodel in Sources */,
			);
			runOnlyForDeploymentPostprocessing = 0;
		};
/* End PBXSourcesBuildPhase section */

/* Begin PBXVariantGroup section */
		067D528C270F2A080076F6B0 /* Main.storyboard */ = {
			isa = PBXVariantGroup;
			children = (
				067D528D270F2A080076F6B0 /* Base */,
			);
			name = Main.storyboard;
			sourceTree = "<group>";
		};
		067D5291270F2A090076F6B0 /* LaunchScreen.storyboard */ = {
			isa = PBXVariantGroup;
			children = (
				067D5292270F2A090076F6B0 /* Base */,
			);
			name = LaunchScreen.storyboard;
			sourceTree = "<group>";
		};
/* End PBXVariantGroup section */

/* Begin XCBuildConfiguration section */
		067D5295270F2A090076F6B0 /* Debug */ = {
			isa = XCBuildConfiguration;
			buildSettings = {
				ALWAYS_SEARCH_USER_PATHS = NO;
				CLANG_ANALYZER_NONNULL = YES;
				CLANG_ANALYZER_NUMBER_OBJECT_CONVERSION = YES_AGGRESSIVE;
				CLANG_CXX_LANGUAGE_STANDARD = "gnu++17";
				CLANG_CXX_LIBRARY = "libc++";
				CLANG_ENABLE_MODULES = YES;
				CLANG_ENABLE_OBJC_ARC = YES;
				CLANG_ENABLE_OBJC_WEAK = YES;
				CLANG_WARN_BLOCK_CAPTURE_AUTORELEASING = YES;
				CLANG_WARN_BOOL_CONVERSION = YES;
				CLANG_WARN_COMMA = YES;
				CLANG_WARN_CONSTANT_CONVERSION = YES;
				CLANG_WARN_DEPRECATED_OBJC_IMPLEMENTATIONS = YES;
				CLANG_WARN_DIRECT_OBJC_ISA_USAGE = YES_ERROR;
				CLANG_WARN_DOCUMENTATION_COMMENTS = YES;
				CLANG_WARN_EMPTY_BODY = YES;
				CLANG_WARN_ENUM_CONVERSION = YES;
				CLANG_WARN_INFINITE_RECURSION = YES;
				CLANG_WARN_INT_CONVERSION = YES;
				CLANG_WARN_NON_LITERAL_NULL_CONVERSION = YES;
				CLANG_WARN_OBJC_IMPLICIT_RETAIN_SELF = YES;
				CLANG_WARN_OBJC_LITERAL_CONVERSION = YES;
				CLANG_WARN_OBJC_ROOT_CLASS = YES_ERROR;
				CLANG_WARN_QUOTED_INCLUDE_IN_FRAMEWORK_HEADER = YES;
				CLANG_WARN_RANGE_LOOP_ANALYSIS = YES;
				CLANG_WARN_STRICT_PROTOTYPES = YES;
				CLANG_WARN_SUSPICIOUS_MOVE = YES;
				CLANG_WARN_UNGUARDED_AVAILABILITY = YES_AGGRESSIVE;
				CLANG_WARN_UNREACHABLE_CODE = YES;
				CLANG_WARN__DUPLICATE_METHOD_MATCH = YES;
				COPY_PHASE_STRIP = NO;
				DEBUG_INFORMATION_FORMAT = dwarf;
				ENABLE_STRICT_OBJC_MSGSEND = YES;
				ENABLE_TESTABILITY = YES;
				GCC_C_LANGUAGE_STANDARD = gnu11;
				GCC_DYNAMIC_NO_PIC = NO;
				GCC_NO_COMMON_BLOCKS = YES;
				GCC_OPTIMIZATION_LEVEL = 0;
				GCC_PREPROCESSOR_DEFINITIONS = (
					"DEBUG=1",
					"$(inherited)",
				);
				GCC_WARN_64_TO_32_BIT_CONVERSION = YES;
				GCC_WARN_ABOUT_RETURN_TYPE = YES_ERROR;
				GCC_WARN_UNDECLARED_SELECTOR = YES;
				GCC_WARN_UNINITIALIZED_AUTOS = YES_AGGRESSIVE;
				GCC_WARN_UNUSED_FUNCTION = YES;
				GCC_WARN_UNUSED_VARIABLE = YES;
				IPHONEOS_DEPLOYMENT_TARGET = 15.0;
				MTL_ENABLE_DEBUG_INFO = INCLUDE_SOURCE;
				MTL_FAST_MATH = YES;
				ONLY_ACTIVE_ARCH = YES;
				SDKROOT = iphoneos;
				SWIFT_ACTIVE_COMPILATION_CONDITIONS = DEBUG;
				SWIFT_OPTIMIZATION_LEVEL = "-Onone";
			};
			name = Debug;
		};
		067D5296270F2A090076F6B0 /* Release */ = {
			isa = XCBuildConfiguration;
			buildSettings = {
				ALWAYS_SEARCH_USER_PATHS = NO;
				CLANG_ANALYZER_NONNULL = YES;
				CLANG_ANALYZER_NUMBER_OBJECT_CONVERSION = YES_AGGRESSIVE;
				CLANG_CXX_LANGUAGE_STANDARD = "gnu++17";
				CLANG_CXX_LIBRARY = "libc++";
				CLANG_ENABLE_MODULES = YES;
				CLANG_ENABLE_OBJC_ARC = YES;
				CLANG_ENABLE_OBJC_WEAK = YES;
				CLANG_WARN_BLOCK_CAPTURE_AUTORELEASING = YES;
				CLANG_WARN_BOOL_CONVERSION = YES;
				CLANG_WARN_COMMA = YES;
				CLANG_WARN_CONSTANT_CONVERSION = YES;
				CLANG_WARN_DEPRECATED_OBJC_IMPLEMENTATIONS = YES;
				CLANG_WARN_DIRECT_OBJC_ISA_USAGE = YES_ERROR;
				CLANG_WARN_DOCUMENTATION_COMMENTS = YES;
				CLANG_WARN_EMPTY_BODY = YES;
				CLANG_WARN_ENUM_CONVERSION = YES;
				CLANG_WARN_INFINITE_RECURSION = YES;
				CLANG_WARN_INT_CONVERSION = YES;
				CLANG_WARN_NON_LITERAL_NULL_CONVERSION = YES;
				CLANG_WARN_OBJC_IMPLICIT_RETAIN_SELF = YES;
				CLANG_WARN_OBJC_LITERAL_CONVERSION = YES;
				CLANG_WARN_OBJC_ROOT_CLASS = YES_ERROR;
				CLANG_WARN_QUOTED_INCLUDE_IN_FRAMEWORK_HEADER = YES;
				CLANG_WARN_RANGE_LOOP_ANALYSIS = YES;
				CLANG_WARN_STRICT_PROTOTYPES = YES;
				CLANG_WARN_SUSPICIOUS_MOVE = YES;
				CLANG_WARN_UNGUARDED_AVAILABILITY = YES_AGGRESSIVE;
				CLANG_WARN_UNREACHABLE_CODE = YES;
				CLANG_WARN__DUPLICATE_METHOD_MATCH = YES;
				COPY_PHASE_STRIP = NO;
				DEBUG_INFORMATION_FORMAT = "dwarf-with-dsym";
				ENABLE_NS_ASSERTIONS = NO;
				ENABLE_STRICT_OBJC_MSGSEND = YES;
				GCC_C_LANGUAGE_STANDARD = gnu11;
				GCC_NO_COMMON_BLOCKS = YES;
				GCC_WARN_64_TO_32_BIT_CONVERSION = YES;
				GCC_WARN_ABOUT_RETURN_TYPE = YES_ERROR;
				GCC_WARN_UNDECLARED_SELECTOR = YES;
				GCC_WARN_UNINITIALIZED_AUTOS = YES_AGGRESSIVE;
				GCC_WARN_UNUSED_FUNCTION = YES;
				GCC_WARN_UNUSED_VARIABLE = YES;
				IPHONEOS_DEPLOYMENT_TARGET = 15.0;
				MTL_ENABLE_DEBUG_INFO = NO;
				MTL_FAST_MATH = YES;
				SDKROOT = iphoneos;
				SWIFT_COMPILATION_MODE = wholemodule;
				SWIFT_OPTIMIZATION_LEVEL = "-O";
				VALIDATE_PRODUCT = YES;
			};
			name = Release;
		};
		067D5298270F2A090076F6B0 /* Debug */ = {
			isa = XCBuildConfiguration;
			buildSettings = {
				ASSETCATALOG_COMPILER_APPICON_NAME = AppIcon;
				ASSETCATALOG_COMPILER_GLOBAL_ACCENT_COLOR_NAME = AccentColor;
				CODE_SIGN_STYLE = Automatic;
				CURRENT_PROJECT_VERSION = 1;
				DEVELOPMENT_TEAM = 225AXALHQ4;
				GENERATE_INFOPLIST_FILE = YES;
				INFOPLIST_FILE = CizBakalim/Info.plist;
				INFOPLIST_KEY_UIApplicationSupportsIndirectInputEvents = YES;
				INFOPLIST_KEY_UILaunchStoryboardName = LaunchScreen;
				INFOPLIST_KEY_UIMainStoryboardFile = Main;
				INFOPLIST_KEY_UISupportedInterfaceOrientations_iPad = "UIInterfaceOrientationPortrait UIInterfaceOrientationPortraitUpsideDown UIInterfaceOrientationLandscapeLeft UIInterfaceOrientationLandscapeRight";
				INFOPLIST_KEY_UISupportedInterfaceOrientations_iPhone = "UIInterfaceOrientationPortrait UIInterfaceOrientationLandscapeLeft UIInterfaceOrientationLandscapeRight";
				LD_RUNPATH_SEARCH_PATHS = (
					"$(inherited)",
					"@executable_path/Frameworks",
				);
				MARKETING_VERSION = 1.0;
				PRODUCT_BUNDLE_IDENTIFIER = com.ozanbarisgunaydin.CizBakalim;
				PRODUCT_NAME = "$(TARGET_NAME)";
				SWIFT_EMIT_LOC_STRINGS = YES;
				SWIFT_VERSION = 5.0;
				TARGETED_DEVICE_FAMILY = 1;
			};
			name = Debug;
		};
		067D5299270F2A090076F6B0 /* Release */ = {
			isa = XCBuildConfiguration;
			buildSettings = {
				ASSETCATALOG_COMPILER_APPICON_NAME = AppIcon;
				ASSETCATALOG_COMPILER_GLOBAL_ACCENT_COLOR_NAME = AccentColor;
				CODE_SIGN_STYLE = Automatic;
				CURRENT_PROJECT_VERSION = 1;
				DEVELOPMENT_TEAM = 225AXALHQ4;
				GENERATE_INFOPLIST_FILE = YES;
				INFOPLIST_FILE = CizBakalim/Info.plist;
				INFOPLIST_KEY_UIApplicationSupportsIndirectInputEvents = YES;
				INFOPLIST_KEY_UILaunchStoryboardName = LaunchScreen;
				INFOPLIST_KEY_UIMainStoryboardFile = Main;
				INFOPLIST_KEY_UISupportedInterfaceOrientations_iPad = "UIInterfaceOrientationPortrait UIInterfaceOrientationPortraitUpsideDown UIInterfaceOrientationLandscapeLeft UIInterfaceOrientationLandscapeRight";
				INFOPLIST_KEY_UISupportedInterfaceOrientations_iPhone = "UIInterfaceOrientationPortrait UIInterfaceOrientationLandscapeLeft UIInterfaceOrientationLandscapeRight";
				LD_RUNPATH_SEARCH_PATHS = (
					"$(inherited)",
					"@executable_path/Frameworks",
				);
				MARKETING_VERSION = 1.0;
				PRODUCT_BUNDLE_IDENTIFIER = com.ozanbarisgunaydin.CizBakalim;
				PRODUCT_NAME = "$(TARGET_NAME)";
				SWIFT_EMIT_LOC_STRINGS = YES;
				SWIFT_VERSION = 5.0;
				TARGETED_DEVICE_FAMILY = 1;
			};
			name = Release;
		};
/* End XCBuildConfiguration section */

/* Begin XCConfigurationList section */
		067D527E270F2A080076F6B0 /* Build configuration list for PBXProject "CizBakalim" */ = {
			isa = XCConfigurationList;
			buildConfigurations = (
				067D5295270F2A090076F6B0 /* Debug */,
				067D5296270F2A090076F6B0 /* Release */,
			);
			defaultConfigurationIsVisible = 0;
			defaultConfigurationName = Release;
		};
		067D5297270F2A090076F6B0 /* Build configuration list for PBXNativeTarget "CizBakalim" */ = {
			isa = XCConfigurationList;
			buildConfigurations = (
				067D5298270F2A090076F6B0 /* Debug */,
				067D5299270F2A090076F6B0 /* Release */,
			);
			defaultConfigurationIsVisible = 0;
			defaultConfigurationName = Release;
		};
/* End XCConfigurationList section */
	};
	rootObject = 067D527B270F2A080076F6B0 /* Project object */;
}
